
Microsoft Visual Studio Solution File, Format Version 12.00
# Visual Studio 15
VisualStudioVersion = 15.0.26228.4
MinimumVisualStudioVersion = 10.0.40219.1
Project("{9092AA53-FB77-4645-B42D-1CCCA6BD08BD}") = "ConsoleApp", "ConsoleApp\ConsoleApp.njsproj", "{82E657F8-4B26-4552-BB03-06AAA7EF87AC}"
EndProject
Global
	GlobalSection(SolutionConfigurationPlatforms) = preSolution
		Debug|Any CPU = Debug|Any CPU
		Release|Any CPU = Release|Any CPU
	EndGlobalSection
	GlobalSection(ProjectConfigurationPlatforms) = postSolution
		{82E657F8-4B26-4552-BB03-06AAA7EF87AC}.Debug|Any CPU.ActiveCfg = Debug|Any CPU
		{82E657F8-4B26-4552-BB03-06AAA7EF87AC}.Debug|Any CPU.Build.0 = Debug|Any CPU
		{82E657F8-4B26-4552-BB03-06AAA7EF87AC}.Release|Any CPU.ActiveCfg = Release|Any CPU
		{82E657F8-4B26-4552-BB03-06AAA7EF87AC}.Release|Any CPU.Build.0 = Release|Any CPU
	EndGlobalSection
	GlobalSection(SolutionProperties) = preSolution
		HideSolutionNode = FALSE
	EndGlobalSection
EndGlobal
